
Microsoft Visual Studio Solution File, Format Version 12.00
# Visual Studio Version 16
VisualStudioVersion = 16.0.30204.135
MinimumVisualStudioVersion = 10.0.40219.1
Project("{8BC9CEB8-8B4A-11D0-8D11-00A0C91BC942}") = "ConverterLib", "ConverterLib\ConverterLib.vcxproj", "{90B94B47-6D3F-4945-992B-6DB363852E99}"
	ProjectSection(ProjectDependencies) = postProject
		{6B0DC0E0-C1FF-49D4-BF4A-DBE195212030} = {6B0DC0E0-C1FF-49D4-BF4A-DBE195212030}
	EndProjectSection
EndProject
Project("{8BC9CEB8-8B4A-11D0-8D11-00A0C91BC942}") = "MSH2FBX", "MSH2FBX\MSH2FBX.vcxproj", "{FC0AD977-9E04-4493-949C-25F7E51E9698}"
	ProjectSection(ProjectDependencies) = postProject
		{90B94B47-6D3F-4945-992B-6DB363852E99} = {90B94B47-6D3F-4945-992B-6DB363852E99}
		{6B0DC0E0-C1FF-49D4-BF4A-DBE195212030} = {6B0DC0E0-C1FF-49D4-BF4A-DBE195212030}
	EndProjectSection
EndProject
Project("{8BC9CEB8-8B4A-11D0-8D11-00A0C91BC942}") = "MSH2FBXDLL", "MSH2FBXDLL\MSH2FBXDLL.vcxproj", "{B1EE6D2D-BAE0-4F6B-AF3F-72111986E3CF}"
	ProjectSection(ProjectDependencies) = postProject
		{FC0AD977-9E04-4493-949C-25F7E51E9698} = {FC0AD977-9E04-4493-949C-25F7E51E9698}
	EndProjectSection
EndProject
Project("{FAE04EC0-301F-11D3-BF4B-00C04F79EFBC}") = "MSH2FBX.NET", "MSH2FBX.NET\MSH2FBX.NET.csproj", "{7470144E-4355-4B94-8A65-BF37D1B1D70F}"
	ProjectSection(ProjectDependencies) = postProject
		{B1EE6D2D-BAE0-4F6B-AF3F-72111986E3CF} = {B1EE6D2D-BAE0-4F6B-AF3F-72111986E3CF}
	EndProjectSection
EndProject
Project("{8BC9CEB8-8B4A-11D0-8D11-00A0C91BC942}") = "LibSWBF2", "LibSWBF2\LibSWBF2\LibSWBF2.vcxproj", "{6B0DC0E0-C1FF-49D4-BF4A-DBE195212030}"
EndProject
Global
	GlobalSection(SolutionConfigurationPlatforms) = preSolution
		Debug|Any CPU = Debug|Any CPU
		Debug|x64 = Debug|x64
		Debug|x86 = Debug|x86
		Release|Any CPU = Release|Any CPU
		Release|x64 = Release|x64
		Release|x86 = Release|x86
	EndGlobalSection
	GlobalSection(ProjectConfigurationPlatforms) = postSolution
		{90B94B47-6D3F-4945-992B-6DB363852E99}.Debug|Any CPU.ActiveCfg = Debug|x64
		{90B94B47-6D3F-4945-992B-6DB363852E99}.Debug|x64.ActiveCfg = Debug|x64
		{90B94B47-6D3F-4945-992B-6DB363852E99}.Debug|x64.Build.0 = Debug|x64
		{90B94B47-6D3F-4945-992B-6DB363852E99}.Debug|x86.ActiveCfg = Debug|x64
		{90B94B47-6D3F-4945-992B-6DB363852E99}.Release|Any CPU.ActiveCfg = Release|x64
		{90B94B47-6D3F-4945-992B-6DB363852E99}.Release|x64.ActiveCfg = Release|x64
		{90B94B47-6D3F-4945-992B-6DB363852E99}.Release|x64.Build.0 = Release|x64
		{90B94B47-6D3F-4945-992B-6DB363852E99}.Release|x86.ActiveCfg = Release|x64
		{FC0AD977-9E04-4493-949C-25F7E51E9698}.Debug|Any CPU.ActiveCfg = Debug|x64
		{FC0AD977-9E04-4493-949C-25F7E51E9698}.Debug|x64.ActiveCfg = Debug|x64
		{FC0AD977-9E04-4493-949C-25F7E51E9698}.Debug|x64.Build.0 = Debug|x64
		{FC0AD977-9E04-4493-949C-25F7E51E9698}.Debug|x86.ActiveCfg = Debug|x64
		{FC0AD977-9E04-4493-949C-25F7E51E9698}.Release|Any CPU.ActiveCfg = Release|x64
		{FC0AD977-9E04-4493-949C-25F7E51E9698}.Release|x64.ActiveCfg = Release|x64
		{FC0AD977-9E04-4493-949C-25F7E51E9698}.Release|x64.Build.0 = Release|x64
		{FC0AD977-9E04-4493-949C-25F7E51E9698}.Release|x86.ActiveCfg = Release|x64
		{B1EE6D2D-BAE0-4F6B-AF3F-72111986E3CF}.Debug|Any CPU.ActiveCfg = Debug|x64
		{B1EE6D2D-BAE0-4F6B-AF3F-72111986E3CF}.Debug|x64.ActiveCfg = Debug|x64
		{B1EE6D2D-BAE0-4F6B-AF3F-72111986E3CF}.Debug|x64.Build.0 = Debug|x64
		{B1EE6D2D-BAE0-4F6B-AF3F-72111986E3CF}.Debug|x86.ActiveCfg = Debug|x64
		{B1EE6D2D-BAE0-4F6B-AF3F-72111986E3CF}.Release|Any CPU.ActiveCfg = Release|x64
		{B1EE6D2D-BAE0-4F6B-AF3F-72111986E3CF}.Release|x64.ActiveCfg = Release|x64
		{B1EE6D2D-BAE0-4F6B-AF3F-72111986E3CF}.Release|x64.Build.0 = Release|x64
		{B1EE6D2D-BAE0-4F6B-AF3F-72111986E3CF}.Release|x86.ActiveCfg = Release|x64
		{7470144E-4355-4B94-8A65-BF37D1B1D70F}.Debug|Any CPU.ActiveCfg = Debug|Any CPU
		{7470144E-4355-4B94-8A65-BF37D1B1D70F}.Debug|Any CPU.Build.0 = Debug|Any CPU
		{7470144E-4355-4B94-8A65-BF37D1B1D70F}.Debug|x64.ActiveCfg = Debug|Any CPU
		{7470144E-4355-4B94-8A65-BF37D1B1D70F}.Debug|x64.Build.0 = Debug|Any CPU
		{7470144E-4355-4B94-8A65-BF37D1B1D70F}.Debug|x86.ActiveCfg = Debug|Any CPU
		{7470144E-4355-4B94-8A65-BF37D1B1D70F}.Debug|x86.Build.0 = Debug|Any CPU
		{7470144E-4355-4B94-8A65-BF37D1B1D70F}.Release|Any CPU.ActiveCfg = Release|Any CPU
		{7470144E-4355-4B94-8A65-BF37D1B1D70F}.Release|Any CPU.Build.0 = Release|Any CPU
		{7470144E-4355-4B94-8A65-BF37D1B1D70F}.Release|x64.ActiveCfg = Release|Any CPU
		{7470144E-4355-4B94-8A65-BF37D1B1D70F}.Release|x64.Build.0 = Release|Any CPU
		{7470144E-4355-4B94-8A65-BF37D1B1D70F}.Release|x86.ActiveCfg = Release|Any CPU
		{7470144E-4355-4B94-8A65-BF37D1B1D70F}.Release|x86.Build.0 = Release|Any CPU
		{6B0DC0E0-C1FF-49D4-BF4A-DBE195212030}.Debug|Any CPU.ActiveCfg = Debug|Win32
		{6B0DC0E0-C1FF-49D4-BF4A-DBE195212030}.Debug|x64.ActiveCfg = Debug|x64
		{6B0DC0E0-C1FF-49D4-BF4A-DBE195212030}.Debug|x64.Build.0 = Debug|x64
		{6B0DC0E0-C1FF-49D4-BF4A-DBE195212030}.Debug|x86.ActiveCfg = Debug|Win32
		{6B0DC0E0-C1FF-49D4-BF4A-DBE195212030}.Debug|x86.Build.0 = Debug|Win32
		{6B0DC0E0-C1FF-49D4-BF4A-DBE195212030}.Release|Any CPU.ActiveCfg = Release|Win32
		{6B0DC0E0-C1FF-49D4-BF4A-DBE195212030}.Release|x64.ActiveCfg = Release|x64
		{6B0DC0E0-C1FF-49D4-BF4A-DBE195212030}.Release|x64.Build.0 = Release|x64
		{6B0DC0E0-C1FF-49D4-BF4A-DBE195212030}.Release|x86.ActiveCfg = Release|Win32
		{6B0DC0E0-C1FF-49D4-BF4A-DBE195212030}.Release|x86.Build.0 = Release|Win32
	EndGlobalSection
	GlobalSection(SolutionProperties) = preSolution
		HideSolutionNode = FALSE
	EndGlobalSection
	GlobalSection(ExtensibilityGlobals) = postSolution
		SolutionGuid = {5D304FDD-BB42-4B3A-A9BA-6A2E891A31E5}
	EndGlobalSection
EndGlobal
